{
  "name": "ko-dxt-to-png",
  "version": "1.5.0",
  "lockfileVersion": 3,
  "requires": true,
  "packages": {
    "": {
      "name": "ko-dxt-to-png",
      "version": "1.5.0",
      "license": "MIT",
      "dependencies": {
        "commander": "^15.0.0",
        "dxt-js": "0.0.3",
        "opn": "^6.0.0",
        "pngjs": "^7.0.0",
        "tga": "^1.0.3"
      },
      "bin": {
        "dxt2png": "src/cli.js"
      },
      "engines": {
        "node": ">=10.4.0"
      }
    },
    "node_modules/commander": {
      "version": "15.0.0",
      "resolved": "https://registry.npmjs.org/commander/-/commander-15.0.0.tgz",
      "integrity": "sha512-z67u4ZhzCL/Tydu1lJARtEZYWbWaN7oYLHbsuzocr6y4N6WZAagG3RQ4FW61V1/0+jImpj293XfrcYnd1qxtPg==",
      "license": "MIT",
      "engines": {
        "node": ">=22.12.0"
      }
    },
    "node_modules/debug": {
      "version": "2.6.9",
      "resolved": "https://registry.npmjs.org/debug/-/debug-2.6.9.tgz",
      "integrity": "sha512-bC7ElrdJaJnPbAP+1EotYvqZsb3ecl5wi6Bfi6BJTUcNowp6cvspg0jXznRTKDjm/E7AdgFBVeAPVMNcKGsHMA==",
      "license": "MIT",
      "dependencies": {
        "ms": "2.0.0"
      }
    },
    "node_modules/dxt-js": {
      "version": "0.0.3",
      "resolved": "https://registry.npmjs.org/dxt-js/-/dxt-js-0.0.3.tgz",
      "integrity": "sha512-qNBx0i5/ICyNFO7rs5ZothChgfFD408dg/ZBBfWFXDy0xeDQ86t91QUZxj5WqeUzZQ/+PPtjTUC0w3mS+198jg==",
      "engines": {
        "node": ">=0.10.0"
      }
    },
    "node_modules/is-wsl": {
      "version": "1.1.0",
      "resolved": "https://registry.npmjs.org/is-wsl/-/is-wsl-1.1.0.tgz",
      "integrity": "sha512-gfygJYZ2gLTDlmbWMI0CE2MwnFzSN/2SZfkMlItC4K/JBlsWVDB0bO6XhqcY13YXE7iMcAJnzTCJjPiTeJJ0Mw==",
      "license": "MIT",
      "engines": {
        "node": ">=4"
      }
    },
    "node_modules/ms": {
      "version": "2.0.0",
      "resolved": "https://registry.npmjs.org/ms/-/ms-2.0.0.tgz",
      "integrity": "sha512-Tpp60P6IUJDTuOq/5Z8cdskzJujfwqfOTkrwIwj7IRISpnkJnT6SyJ4PCPnGMoFjC9ddhal5KVIYtAt97ix05A==",
      "license": "MIT"
    },
    "node_modules/opn": {
      "version": "6.0.0",
      "resolved": "https://registry.npmjs.org/opn/-/opn-6.0.0.tgz",
      "integrity": "sha512-I9PKfIZC+e4RXZ/qr1RhgyCnGgYX0UEIlXgWnCOVACIvFgaC9rz6Won7xbdhoHrd8IIhV7YEpHjreNUNkqCGkQ==",
      "deprecated": "The package has been renamed to `open`",
      "license": "MIT",
      "dependencies": {
        "is-wsl": "^1.1.0"
      },
      "engines": {
        "node": ">=8"
      }
    },
    "node_modules/pngjs": {
      "version": "7.0.0",
      "resolved": "https://registry.npmjs.org/pngjs/-/pngjs-7.0.0.tgz",
      "integrity": "sha512-LKWqWJRhstyYo9pGvgor/ivk2w94eSjE3RGVuzLGlr3NmD8bf7RcYGze1mNdEHRP6TRP6rMuDHk5t44hnTRyow==",
      "license": "MIT",
      "engines": {
        "node": ">=14.19.0"
      }
    },
    "node_modules/restructure": {
      "version": "2.0.1",
      "resolved": "https://registry.npmjs.org/restructure/-/restructure-2.0.1.tgz",
      "integrity": "sha512-e0dOpjm5DseomnXx2M5lpdZ5zoHqF1+bqdMJUohoYVVQa7cBdnk7fdmeI6byNWP/kiME72EeTiSypTCVnpLiDg==",
      "license": "MIT"
    },
    "node_modules/tga": {
      "version": "1.0.7",
      "resolved": "https://registry.npmjs.org/tga/-/tga-1.0.7.tgz",
      "integrity": "sha512-GFVJwov5aJTMgh8U1QfaRheIELXo+dYc1qYIvQEIqZX4n+S6Fj/SDWsdbelHt7WP08xOR6W1z5aJQ+Ilh5gIeA==",
      "license": "MIT",
      "dependencies": {
        "debug": "^2.6.1",
        "restructure": "^2.0.0"
      },
      "engines": {
        "node": ">=6.0.0"
      }
    }
  }
}
